
Microsoft Visual Studio Solution File, Format Version 12.00
# Visual Studio Version 17
VisualStudioVersion = 17.8.34316.72
MinimumVisualStudioVersion = 10.0.40219.1
Project("{FAE04EC0-301F-11D3-BF4B-00C04F79EFBC}") = "NuGetPush.CLI", "NuGetPush.CLI\NuGetPush.CLI.csproj", "{38D9355D-78C2-4018-83BC-6DE20BF63D0A}"
EndProject
Global
	GlobalSection(SolutionConfigurationPlatforms) = preSolution
		Debug|Any CPU = Debug|Any CPU
		Release|Any CPU = Release|Any CPU
	EndGlobalSection
	GlobalSection(ProjectConfigurationPlatforms) = postSolution
		{38D9355D-78C2-4018-83BC-6DE20BF63D0A}.Debug|Any CPU.ActiveCfg = Debug|Any CPU
		{38D9355D-78C2-4018-83BC-6DE20BF63D0A}.Debug|Any CPU.Build.0 = Debug|Any CPU
		{38D9355D-78C2-4018-83BC-6DE20BF63D0A}.Release|Any CPU.ActiveCfg = Release|Any CPU
		{38D9355D-78C2-4018-83BC-6DE20BF63D0A}.Release|Any CPU.Build.0 = Release|Any CPU
	EndGlobalSection
	GlobalSection(SolutionProperties) = preSolution
		HideSolutionNode = FALSE
	EndGlobalSection
	GlobalSection(ExtensibilityGlobals) = postSolution
		SolutionGuid = {6080C30A-59B0-46C1-B618-11A9FDF2786B}
	EndGlobalSection
EndGlobal
